
Microsoft Visual Studio Solution File, Format Version 12.00
# Visual Studio 2013
VisualStudioVersion = 12.0.31101.0
MinimumVisualStudioVersion = 10.0.40219.1
Project("{FAE04EC0-301F-11D3-BF4B-00C04F79EFBC}") = "Homework01", "Homework01\Homework01.csproj", "{FEF4023E-8670-4503-89CD-6DABC52AC237}"
EndProject
Global
	GlobalSection(SolutionConfigurationPlatforms) = preSolution
		Debug|Any CPU = Debug|Any CPU
		Release|Any CPU = Release|Any CPU
	EndGlobalSection
	GlobalSection(ProjectConfigurationPlatforms) = postSolution
		{FEF4023E-8670-4503-89CD-6DABC52AC237}.Debug|Any CPU.ActiveCfg = Debug|Any CPU
		{FEF4023E-8670-4503-89CD-6DABC52AC237}.Debug|Any CPU.Build.0 = Debug|Any CPU
		{FEF4023E-8670-4503-89CD-6DABC52AC237}.Release|Any CPU.ActiveCfg = Release|Any CPU
		{FEF4023E-8670-4503-89CD-6DABC52AC237}.Release|Any CPU.Build.0 = Release|Any CPU
	EndGlobalSection
	GlobalSection(SolutionProperties) = preSolution
		HideSolutionNode = FALSE
	EndGlobalSection
EndGlobal
